[root]
name = "boggler"
version = "0.1.0"
dependencies = [
 "radix_trie 0.0.8 (registry+https://github.com/rust-lang/crates.io-index)",
]

[[package]]
name = "nibble_vec"
version = "0.0.3"
source = "registry+https://github.com/rust-lang/crates.io-index"

[[package]]
name = "radix_trie"
version = "0.0.8"
source = "registry+https://github.com/rust-lang/crates.io-index"
dependencies = [
 "nibble_vec 0.0.3 (registry+https://github.com/rust-lang/crates.io-index)",
]

